
Microsoft Visual Studio Solution File, Format Version 12.00
# Visual Studio Version 16
VisualStudioVersion = 16.0.32106.194
MinimumVisualStudioVersion = 10.0.40219.1
Project("{FAE04EC0-301F-11D3-BF4B-00C04F79EFBC}") = "DeepGenericRepositoryPatternWebApiCore", "DeepGenericRepositoryPatternWebApiCore.csproj", "{D210FC78-FCCC-4B53-BA92-F4677B338729}"
EndProject
Global
	GlobalSection(SolutionConfigurationPlatforms) = preSolution
		Debug|Any CPU = Debug|Any CPU
		Release|Any CPU = Release|Any CPU
	EndGlobalSection
	GlobalSection(ProjectConfigurationPlatforms) = postSolution
		{D210FC78-FCCC-4B53-BA92-F4677B338729}.Debug|Any CPU.ActiveCfg = Debug|Any CPU
		{D210FC78-FCCC-4B53-BA92-F4677B338729}.Debug|Any CPU.Build.0 = Debug|Any CPU
		{D210FC78-FCCC-4B53-BA92-F4677B338729}.Release|Any CPU.ActiveCfg = Release|Any CPU
		{D210FC78-FCCC-4B53-BA92-F4677B338729}.Release|Any CPU.Build.0 = Release|Any CPU
	EndGlobalSection
	GlobalSection(SolutionProperties) = preSolution
		HideSolutionNode = FALSE
	EndGlobalSection
	GlobalSection(ExtensibilityGlobals) = postSolution
		SolutionGuid = {E9999396-673C-4234-94F2-BFE027A7CA42}
	EndGlobalSection
EndGlobal
